// !$*UTF8*$!
{
	archiveVersion = 1;
	classes = {
	};
	objectVersion = 77;
	objects = {

/* Begin PBXBuildFile section */
		78718A412CB24F2800B81579 /* Localizable.xcstrings in Resources */ = {isa = PBXBuildFile; fileRef = 78718A402CB24F2800B81579 /* Localizable.xcstrings */; };
		789F558B2CAD773100320A03 /* README.md in Resources */ = {isa = PBXBuildFile; fileRef = 789F558A2CAD773100320A03 /* README.md */; };
		789F558D2CAD77D800320A03 /* .gitignore in Resources */ = {isa = PBXBuildFile; fileRef = 789F558C2CAD77D100320A03 /* .gitignore */; };
/* End PBXBuildFile section */

/* Begin PBXContainerItemProxy section */
		789F55422CAD664700320A03 /* PBXContainerItemProxy */ = {
			isa = PBXContainerItemProxy;
			containerPortal = 789F55272CAD664600320A03 /* Project object */;
			proxyType = 1;
			remoteGlobalIDString = 789F552E2CAD664600320A03;
			remoteInfo = RugStats;
		};
		789F554C2CAD664700320A03 /* PBXContainerItemProxy */ = {
			isa = PBXContainerItemProxy;
			containerPortal = 789F55272CAD664600320A03 /* Project object */;
			proxyType = 1;
			remoteGlobalIDString = 789F552E2CAD664600320A03;
			remoteInfo = RugStats;
		};
/* End PBXContainerItemProxy section */

/* Begin PBXFileReference section */
		78718A402CB24F2800B81579 /* Localizable.xcstrings */ = {isa = PBXFileReference; lastKnownFileType = text.json.xcstrings; path = Localizable.xcstrings; sourceTree = "<group>"; };
		789F552F2CAD664600320A03 /* RugStats.app */ = {isa = PBXFileReference; explicitFileType = wrapper.application; includeInIndex = 0; path = RugStats.app; sourceTree = BUILT_PRODUCTS_DIR; };
		789F55412CAD664700320A03 /* RugStatsTests.xctest */ = {isa = PBXFileReference; explicitFileType = wrapper.cfbundle; includeInIndex = 0; path = RugStatsTests.xctest; sourceTree = BUILT_PRODUCTS_DIR; };
		789F554B2CAD664700320A03 /* RugStatsUITests.xctest */ = {isa = PBXFileReference; explicitFileType = wrapper.cfbundle; includeInIndex = 0; path = RugStatsUITests.xctest; sourceTree = BUILT_PRODUCTS_DIR; };
		789F558A2CAD773100320A03 /* README.md */ = {isa = PBXFileReference; lastKnownFileType = net.daringfireball.markdown; path = README.md; sourceTree = "<group>"; };
		789F558C2CAD77D100320A03 /* .gitignore */ = {isa = PBXFileReference; lastKnownFileType = text; path = .gitignore; sourceTree = "<group>"; };
/* End PBXFileReference section */

/* Begin PBXFileSystemSynchronizedRootGroup section */
		789F55312CAD664600320A03 /* RugStats */ = {
			isa = PBXFileSystemSynchronizedRootGroup;
			path = RugStats;
			sourceTree = "<group>";
		};
		789F55442CAD664700320A03 /* RugStatsTests */ = {
			isa = PBXFileSystemSynchronizedRootGroup;
			path = RugStatsTests;
			sourceTree = "<group>";
		};
		789F554E2CAD664700320A03 /* RugStatsUITests */ = {
			isa = PBXFileSystemSynchronizedRootGroup;
			path = RugStatsUITests;
			sourceTree = "<group>";
		};
/* End PBXFileSystemSynchronizedRootGroup section */

/* Begin PBXFrameworksBuildPhase section */
		789F552C2CAD664600320A03 /* Frameworks */ = {
			isa = PBXFrameworksBuildPhase;
			buildActionMask = 2147483647;
			files = (
			);
			runOnlyForDeploymentPostprocessing = 0;
		};
		789F553E2CAD664700320A03 /* Frameworks */ = {
			isa = PBXFrameworksBuildPhase;
			buildActionMask = 2147483647;
			files = (
			);
			runOnlyForDeploymentPostprocessing = 0;
		};
		789F55482CAD664700320A03 /* Frameworks */ = {
			isa = PBXFrameworksBuildPhase;
			buildActionMask = 2147483647;
			files = (
			);
			runOnlyForDeploymentPostprocessing = 0;
		};
/* End PBXFrameworksBuildPhase section */

/* Begin PBXGroup section */
		789F55262CAD664600320A03 = {
			isa = PBXGroup;
			children = (
				789F558C2CAD77D100320A03 /* .gitignore */,
				78718A402CB24F2800B81579 /* Localizable.xcstrings */,
				789F558A2CAD773100320A03 /* README.md */,
				789F55312CAD664600320A03 /* RugStats */,
				789F55442CAD664700320A03 /* RugStatsTests */,
				789F554E2CAD664700320A03 /* RugStatsUITests */,
				789F55302CAD664600320A03 /* Products */,
			);
			sourceTree = "<group>";
		};
		789F55302CAD664600320A03 /* Products */ = {
			isa = PBXGroup;
			children = (
				789F552F2CAD664600320A03 /* RugStats.app */,
				789F55412CAD664700320A03 /* RugStatsTests.xctest */,
				789F554B2CAD664700320A03 /* RugStatsUITests.xctest */,
			);
			name = Products;
			sourceTree = "<group>";
		};
/* End PBXGroup section */

/* Begin PBXNativeTarget section */
		789F552E2CAD664600320A03 /* RugStats */ = {
			isa = PBXNativeTarget;
			buildConfigurationList = 789F55552CAD664700320A03 /* Build configuration list for PBXNativeTarget "RugStats" */;
			buildPhases = (
				789F552B2CAD664600320A03 /* Sources */,
				789F552C2CAD664600320A03 /* Frameworks */,
				789F552D2CAD664600320A03 /* Resources */,
			);
			buildRules = (
			);
			dependencies = (
			);
			fileSystemSynchronizedGroups = (
				789F55312CAD664600320A03 /* RugStats */,
			);
			name = RugStats;
			packageProductDependencies = (
			);
			productName = RugStats;
			productReference = 789F552F2CAD664600320A03 /* RugStats.app */;
			productType = "com.apple.product-type.application";
		};
		789F55402CAD664700320A03 /* RugStatsTests */ = {
			isa = PBXNativeTarget;
			buildConfigurationList = 789F55582CAD664700320A03 /* Build configuration list for PBXNativeTarget "RugStatsTests" */;
			buildPhases = (
				789F553D2CAD664700320A03 /* Sources */,
				789F553E2CAD664700320A03 /* Frameworks */,
				789F553F2CAD664700320A03 /* Resources */,
			);
			buildRules = (
			);
			dependencies = (
				789F55432CAD664700320A03 /* PBXTargetDependency */,
			);
			fileSystemSynchronizedGroups = (
				789F55442CAD664700320A03 /* RugStatsTests */,
			);
			name = RugStatsTests;
			packageProductDependencies = (
			);
			productName = RugStatsTests;
			productReference = 789F55412CAD664700320A03 /* RugStatsTests.xctest */;
			productType = "com.apple.product-type.bundle.unit-test";
		};
		789F554A2CAD664700320A03 /* RugStatsUITests */ = {
			isa = PBXNativeTarget;
			buildConfigurationList = 789F555B2CAD664700320A03 /* Build configuration list for PBXNativeTarget "RugStatsUITests" */;
			buildPhases = (
				789F55472CAD664700320A03 /* Sources */,
				789F55482CAD664700320A03 /* Frameworks */,
				789F55492CAD664700320A03 /* Resources */,
			);
			buildRules = (
			);
			dependencies = (
				789F554D2CAD664700320A03 /* PBXTargetDependency */,
			);
			fileSystemSynchronizedGroups = (
				789F554E2CAD664700320A03 /* RugStatsUITests */,
			);
			name = RugStatsUITests;
			packageProductDependencies = (
			);
			productName = RugStatsUITests;
			productReference = 789F554B2CAD664700320A03 /* RugStatsUITests.xctest */;
			productType = "com.apple.product-type.bundle.ui-testing";
		};
/* End PBXNativeTarget section */

/* Begin PBXProject section */
		789F55272CAD664600320A03 /* Project object */ = {
			isa = PBXProject;
			attributes = {
				BuildIndependentTargetsInParallel = 1;
				LastSwiftUpdateCheck = 1600;
				LastUpgradeCheck = 1600;
				TargetAttributes = {
					789F552E2CAD664600320A03 = {
						CreatedOnToolsVersion = 16.0;
					};
					789F55402CAD664700320A03 = {
						CreatedOnToolsVersion = 16.0;
						TestTargetID = 789F552E2CAD664600320A03;
					};
					789F554A2CAD664700320A03 = {
						CreatedOnToolsVersion = 16.0;
						TestTargetID = 789F552E2CAD664600320A03;
					};
				};
			};
			buildConfigurationList = 789F552A2CAD664600320A03 /* Build configuration list for PBXProject "RugStats" */;
			developmentRegion = en;
			hasScannedForEncodings = 0;
			knownRegions = (
				en,
				Base,
				ja,
			);
			mainGroup = 789F55262CAD664600320A03;
			minimizedProjectReferenceProxies = 1;
			preferredProjectObjectVersion = 77;
			productRefGroup = 789F55302CAD664600320A03 /* Products */;
			projectDirPath = "";
			projectRoot = "";
			targets = (
				789F552E2CAD664600320A03 /* RugStats */,
				789F55402CAD664700320A03 /* RugStatsTests */,
				789F554A2CAD664700320A03 /* RugStatsUITests */,
			);
		};
/* End PBXProject section */

/* Begin PBXResourcesBuildPhase section */
		789F552D2CAD664600320A03 /* Resources */ = {
			isa = PBXResourcesBuildPhase;
			buildActionMask = 2147483647;
			files = (
				789F558D2CAD77D800320A03 /* .gitignore in Resources */,
				78718A412CB24F2800B81579 /* Localizable.xcstrings in Resources */,
				789F558B2CAD773100320A03 /* README.md in Resources */,
			);
			runOnlyForDeploymentPostprocessing = 0;
		};
		789F553F2CAD664700320A03 /* Resources */ = {
			isa = PBXResourcesBuildPhase;
			buildActionMask = 2147483647;
			files = (
			);
			runOnlyForDeploymentPostprocessing = 0;
		};
		789F55492CAD664700320A03 /* Resources */ = {
			isa = PBXResourcesBuildPhase;
			buildActionMask = 2147483647;
			files = (
			);
			runOnlyForDeploymentPostprocessing = 0;
		};
/* End PBXResourcesBuildPhase section */

/* Begin PBXSourcesBuildPhase section */
		789F552B2CAD664600320A03 /* Sources */ = {
			isa = PBXSourcesBuildPhase;
			buildActionMask = 2147483647;
			files = (
			);
			runOnlyForDeploymentPostprocessing = 0;
		};
		789F553D2CAD664700320A03 /* Sources */ = {
			isa = PBXSourcesBuildPhase;
			buildActionMask = 2147483647;
			files = (
			);
			runOnlyForDeploymentPostprocessing = 0;
		};
		789F55472CAD664700320A03 /* Sources */ = {
			isa = PBXSourcesBuildPhase;
			buildActionMask = 2147483647;
			files = (
			);
			runOnlyForDeploymentPostprocessing = 0;
		};
/* End PBXSourcesBuildPhase section */

/* Begin PBXTargetDependency section */
		789F55432CAD664700320A03 /* PBXTargetDependency */ = {
			isa = PBXTargetDependency;
			target = 789F552E2CAD664600320A03 /* RugStats */;
			targetProxy = 789F55422CAD664700320A03 /* PBXContainerItemProxy */;
		};
		789F554D2CAD664700320A03 /* PBXTargetDependency */ = {
			isa = PBXTargetDependency;
			target = 789F552E2CAD664600320A03 /* RugStats */;
			targetProxy = 789F554C2CAD664700320A03 /* PBXContainerItemProxy */;
		};
/* End PBXTargetDependency section */

/* Begin XCBuildConfiguration section */
		789F55532CAD664700320A03 /* Debug */ = {
			isa = XCBuildConfiguration;
			buildSettings = {
				ALWAYS_SEARCH_USER_PATHS = NO;
				ASSETCATALOG_COMPILER_GENERATE_SWIFT_ASSET_SYMBOL_EXTENSIONS = YES;
				CLANG_ANALYZER_NONNULL = YES;
				CLANG_ANALYZER_NUMBER_OBJECT_CONVERSION = YES_AGGRESSIVE;
				CLANG_CXX_LANGUAGE_STANDARD = "gnu++20";
				CLANG_ENABLE_MODULES = YES;
				CLANG_ENABLE_OBJC_ARC = YES;
				CLANG_ENABLE_OBJC_WEAK = YES;
				CLANG_WARN_BLOCK_CAPTURE_AUTORELEASING = YES;
				CLANG_WARN_BOOL_CONVERSION = YES;
				CLANG_WARN_COMMA = YES;
				CLANG_WARN_CONSTANT_CONVERSION = YES;
				CLANG_WARN_DEPRECATED_OBJC_IMPLEMENTATIONS = YES;
				CLANG_WARN_DIRECT_OBJC_ISA_USAGE = YES_ERROR;
				CLANG_WARN_DOCUMENTATION_COMMENTS = YES;
				CLANG_WARN_EMPTY_BODY = YES;
				CLANG_WARN_ENUM_CONVERSION = YES;
				CLANG_WARN_INFINITE_RECURSION = YES;
				CLANG_WARN_INT_CONVERSION = YES;
				CLANG_WARN_NON_LITERAL_NULL_CONVERSION = YES;
				CLANG_WARN_OBJC_IMPLICIT_RETAIN_SELF = YES;
				CLANG_WARN_OBJC_LITERAL_CONVERSION = YES;
				CLANG_WARN_OBJC_ROOT_CLASS = YES_ERROR;
				CLANG_WARN_QUOTED_INCLUDE_IN_FRAMEWORK_HEADER = YES;
				CLANG_WARN_RANGE_LOOP_ANALYSIS = YES;
				CLANG_WARN_STRICT_PROTOTYPES = YES;
				CLANG_WARN_SUSPICIOUS_MOVE = YES;
				CLANG_WARN_UNGUARDED_AVAILABILITY = YES_AGGRESSIVE;
				CLANG_WARN_UNREACHABLE_CODE = YES;
				CLANG_WARN__DUPLICATE_METHOD_MATCH = YES;
				COPY_PHASE_STRIP = NO;
				DEBUG_INFORMATION_FORMAT = dwarf;
				ENABLE_STRICT_OBJC_MSGSEND = YES;
				ENABLE_TESTABILITY = YES;
				ENABLE_USER_SCRIPT_SANDBOXING = YES;
				GCC_C_LANGUAGE_STANDARD = gnu17;
				GCC_DYNAMIC_NO_PIC = NO;
				GCC_NO_COMMON_BLOCKS = YES;
				GCC_OPTIMIZATION_LEVEL = 0;
				GCC_PREPROCESSOR_DEFINITIONS = (
					"DEBUG=1",
					"$(inherited)",
				);
				GCC_WARN_64_TO_32_BIT_CONVERSION = YES;
				GCC_WARN_ABOUT_RETURN_TYPE = YES_ERROR;
				GCC_WARN_UNDECLARED_SELECTOR = YES;
				GCC_WARN_UNINITIALIZED_AUTOS = YES_AGGRESSIVE;
				GCC_WARN_UNUSED_FUNCTION = YES;
				GCC_WARN_UNUSED_VARIABLE = YES;
				IPHONEOS_DEPLOYMENT_TARGET = 17.6;
				LOCALIZATION_PREFERS_STRING_CATALOGS = YES;
				MTL_ENABLE_DEBUG_INFO = INCLUDE_SOURCE;
				MTL_FAST_MATH = YES;
				ONLY_ACTIVE_ARCH = YES;
				SDKROOT = iphoneos;
				SWIFT_ACTIVE_COMPILATION_CONDITIONS = "DEBUG $(inherited)";
				SWIFT_EMIT_LOC_STRINGS = YES;
				SWIFT_OPTIMIZATION_LEVEL = "-Onone";
			};
			name = Debug;
		};
		789F55542CAD664700320A03 /* Release */ = {
			isa = XCBuildConfiguration;
			buildSettings = {
				ALWAYS_SEARCH_USER_PATHS = NO;
				ASSETCATALOG_COMPILER_GENERATE_SWIFT_ASSET_SYMBOL_EXTENSIONS = YES;
				CLANG_ANALYZER_NONNULL = YES;
				CLANG_ANALYZER_NUMBER_OBJECT_CONVERSION = YES_AGGRESSIVE;
				CLANG_CXX_LANGUAGE_STANDARD = "gnu++20";
				CLANG_ENABLE_MODULES = YES;
				CLANG_ENABLE_OBJC_ARC = YES;
				CLANG_ENABLE_OBJC_WEAK = YES;
				CLANG_WARN_BLOCK_CAPTURE_AUTORELEASING = YES;
				CLANG_WARN_BOOL_CONVERSION = YES;
				CLANG_WARN_COMMA = YES;
				CLANG_WARN_CONSTANT_CONVERSION = YES;
				CLANG_WARN_DEPRECATED_OBJC_IMPLEMENTATIONS = YES;
				CLANG_WARN_DIRECT_OBJC_ISA_USAGE = YES_ERROR;
				CLANG_WARN_DOCUMENTATION_COMMENTS = YES;
				CLANG_WARN_EMPTY_BODY = YES;
				CLANG_WARN_ENUM_CONVERSION = YES;
				CLANG_WARN_INFINITE_RECURSION = YES;
				CLANG_WARN_INT_CONVERSION = YES;
				CLANG_WARN_NON_LITERAL_NULL_CONVERSION = YES;
				CLANG_WARN_OBJC_IMPLICIT_RETAIN_SELF = YES;
				CLANG_WARN_OBJC_LITERAL_CONVERSION = YES;
				CLANG_WARN_OBJC_ROOT_CLASS = YES_ERROR;
				CLANG_WARN_QUOTED_INCLUDE_IN_FRAMEWORK_HEADER = YES;
				CLANG_WARN_RANGE_LOOP_ANALYSIS = YES;
				CLANG_WARN_STRICT_PROTOTYPES = YES;
				CLANG_WARN_SUSPICIOUS_MOVE = YES;
				CLANG_WARN_UNGUARDED_AVAILABILITY = YES_AGGRESSIVE;
				CLANG_WARN_UNREACHABLE_CODE = YES;
				CLANG_WARN__DUPLICATE_METHOD_MATCH = YES;
				COPY_PHASE_STRIP = NO;
				DEBUG_INFORMATION_FORMAT = "dwarf-with-dsym";
				ENABLE_NS_ASSERTIONS = NO;
				ENABLE_STRICT_OBJC_MSGSEND = YES;
				ENABLE_USER_SCRIPT_SANDBOXING = YES;
				GCC_C_LANGUAGE_STANDARD = gnu17;
				GCC_NO_COMMON_BLOCKS = YES;
				GCC_WARN_64_TO_32_BIT_CONVERSION = YES;
				GCC_WARN_ABOUT_RETURN_TYPE = YES_ERROR;
				GCC_WARN_UNDECLARED_SELECTOR = YES;
				GCC_WARN_UNINITIALIZED_AUTOS = YES_AGGRESSIVE;
				GCC_WARN_UNUSED_FUNCTION = YES;
				GCC_WARN_UNUSED_VARIABLE = YES;
				IPHONEOS_DEPLOYMENT_TARGET = 17.6;
				LOCALIZATION_PREFERS_STRING_CATALOGS = YES;
				MTL_ENABLE_DEBUG_INFO = NO;
				MTL_FAST_MATH = YES;
				SDKROOT = iphoneos;
				SWIFT_COMPILATION_MODE = wholemodule;
				SWIFT_EMIT_LOC_STRINGS = YES;
				VALIDATE_PRODUCT = YES;
			};
			name = Release;
		};
		789F55562CAD664700320A03 /* Debug */ = {
			isa = XCBuildConfiguration;
			buildSettings = {
				ASSETCATALOG_COMPILER_APPICON_NAME = AppIcon;
				ASSETCATALOG_COMPILER_GLOBAL_ACCENT_COLOR_NAME = AccentColor;
				CODE_SIGN_STYLE = Automatic;
				CURRENT_PROJECT_VERSION = 1;
				DEVELOPMENT_ASSET_PATHS = "\"RugStats/Preview Content\"";
				DEVELOPMENT_TEAM = WALU6ZJGAF;
				ENABLE_PREVIEWS = YES;
				GENERATE_INFOPLIST_FILE = YES;
				INFOPLIST_KEY_CFBundleDisplayName = RugStats;
				INFOPLIST_KEY_LSApplicationCategoryType = "public.app-category.sports";
				INFOPLIST_KEY_UIApplicationSceneManifest_Generation = YES;
				INFOPLIST_KEY_UIApplicationSupportsIndirectInputEvents = YES;
				INFOPLIST_KEY_UILaunchScreen_Generation = YES;
				INFOPLIST_KEY_UISupportedInterfaceOrientations_iPad = "UIInterfaceOrientationPortrait UIInterfaceOrientationPortraitUpsideDown UIInterfaceOrientationLandscapeLeft UIInterfaceOrientationLandscapeRight";
				INFOPLIST_KEY_UISupportedInterfaceOrientations_iPhone = "UIInterfaceOrientationPortrait UIInterfaceOrientationLandscapeLeft UIInterfaceOrientationLandscapeRight";
				LD_RUNPATH_SEARCH_PATHS = (
					"$(inherited)",
					"@executable_path/Frameworks",
				);
				MARKETING_VERSION = 2.1;
				PRODUCT_BUNDLE_IDENTIFIER = "Kou-Isaka.RugStats";
				PRODUCT_NAME = "$(TARGET_NAME)";
				SWIFT_EMIT_LOC_STRINGS = YES;
				SWIFT_VERSION = 5.0;
				TARGETED_DEVICE_FAMILY = "1,2";
			};
			name = Debug;
		};
		789F55572CAD664700320A03 /* Release */ = {
			isa = XCBuildConfiguration;
			buildSettings = {
				ASSETCATALOG_COMPILER_APPICON_NAME = AppIcon;
				ASSETCATALOG_COMPILER_GLOBAL_ACCENT_COLOR_NAME = AccentColor;
				CODE_SIGN_STYLE = Automatic;
				CURRENT_PROJECT_VERSION = 1;
				DEVELOPMENT_ASSET_PATHS = "\"RugStats/Preview Content\"";
				DEVELOPMENT_TEAM = WALU6ZJGAF;
				ENABLE_PREVIEWS = YES;
				GENERATE_INFOPLIST_FILE = YES;
				INFOPLIST_KEY_CFBundleDisplayName = RugStats;
				INFOPLIST_KEY_LSApplicationCategoryType = "public.app-category.sports";
				INFOPLIST_KEY_UIApplicationSceneManifest_Generation = YES;
				INFOPLIST_KEY_UIApplicationSupportsIndirectInputEvents = YES;
				INFOPLIST_KEY_UILaunchScreen_Generation = YES;
				INFOPLIST_KEY_UISupportedInterfaceOrientations_iPad = "UIInterfaceOrientationPortrait UIInterfaceOrientationPortraitUpsideDown UIInterfaceOrientationLandscapeLeft UIInterfaceOrientationLandscapeRight";
				INFOPLIST_KEY_UISupportedInterfaceOrientations_iPhone = "UIInterfaceOrientationPortrait UIInterfaceOrientationLandscapeLeft UIInterfaceOrientationLandscapeRight";
				LD_RUNPATH_SEARCH_PATHS = (
					"$(inherited)",
					"@executable_path/Frameworks",
				);
				MARKETING_VERSION = 2.1;
				PRODUCT_BUNDLE_IDENTIFIER = "Kou-Isaka.RugStats";
				PRODUCT_NAME = "$(TARGET_NAME)";
				SWIFT_EMIT_LOC_STRINGS = YES;
				SWIFT_VERSION = 5.0;
				TARGETED_DEVICE_FAMILY = "1,2";
			};
			name = Release;
		};
		789F55592CAD664700320A03 /* Debug */ = {
			isa = XCBuildConfiguration;
			buildSettings = {
				BUNDLE_LOADER = "$(TEST_HOST)";
				CODE_SIGN_STYLE = Automatic;
				CURRENT_PROJECT_VERSION = 1;
				DEVELOPMENT_TEAM = WALU6ZJGAF;
				GENERATE_INFOPLIST_FILE = YES;
				IPHONEOS_DEPLOYMENT_TARGET = 18.0;
				MARKETING_VERSION = 1.0;
				PRODUCT_BUNDLE_IDENTIFIER = "Kou-Isaka.RugStatsTests";
				PRODUCT_NAME = "$(TARGET_NAME)";
				SWIFT_EMIT_LOC_STRINGS = NO;
				SWIFT_VERSION = 5.0;
				TARGETED_DEVICE_FAMILY = "1,2";
				TEST_HOST = "$(BUILT_PRODUCTS_DIR)/RugStats.app/$(BUNDLE_EXECUTABLE_FOLDER_PATH)/RugStats";
			};
			name = Debug;
		};
		789F555A2CAD664700320A03 /* Release */ = {
			isa = XCBuildConfiguration;
			buildSettings = {
				BUNDLE_LOADER = "$(TEST_HOST)";
				CODE_SIGN_STYLE = Automatic;
				CURRENT_PROJECT_VERSION = 1;
				DEVELOPMENT_TEAM = WALU6ZJGAF;
				GENERATE_INFOPLIST_FILE = YES;
				IPHONEOS_DEPLOYMENT_TARGET = 18.0;
				MARKETING_VERSION = 1.0;
				PRODUCT_BUNDLE_IDENTIFIER = "Kou-Isaka.RugStatsTests";
				PRODUCT_NAME = "$(TARGET_NAME)";
				SWIFT_EMIT_LOC_STRINGS = NO;
				SWIFT_VERSION = 5.0;
				TARGETED_DEVICE_FAMILY = "1,2";
				TEST_HOST = "$(BUILT_PRODUCTS_DIR)/RugStats.app/$(BUNDLE_EXECUTABLE_FOLDER_PATH)/RugStats";
			};
			name = Release;
		};
		789F555C2CAD664700320A03 /* Debug */ = {
			isa = XCBuildConfiguration;
			buildSettings = {
				CODE_SIGN_STYLE = Automatic;
				CURRENT_PROJECT_VERSION = 1;
				DEVELOPMENT_TEAM = WALU6ZJGAF;
				GENERATE_INFOPLIST_FILE = YES;
				MARKETING_VERSION = 1.0;
				PRODUCT_BUNDLE_IDENTIFIER = "Kou-Isaka.RugStatsUITests";
				PRODUCT_NAME = "$(TARGET_NAME)";
				SWIFT_EMIT_LOC_STRINGS = NO;
				SWIFT_VERSION = 5.0;
				TARGETED_DEVICE_FAMILY = "1,2";
				TEST_TARGET_NAME = RugStats;
			};
			name = Debug;
		};
		789F555D2CAD664700320A03 /* Release */ = {
			isa = XCBuildConfiguration;
			buildSettings = {
				CODE_SIGN_STYLE = Automatic;
				CURRENT_PROJECT_VERSION = 1;
				DEVELOPMENT_TEAM = WALU6ZJGAF;
				GENERATE_INFOPLIST_FILE = YES;
				MARKETING_VERSION = 1.0;
				PRODUCT_BUNDLE_IDENTIFIER = "Kou-Isaka.RugStatsUITests";
				PRODUCT_NAME = "$(TARGET_NAME)";
				SWIFT_EMIT_LOC_STRINGS = NO;
				SWIFT_VERSION = 5.0;
				TARGETED_DEVICE_FAMILY = "1,2";
				TEST_TARGET_NAME = RugStats;
			};
			name = Release;
		};
/* End XCBuildConfiguration section */

/* Begin XCConfigurationList section */
		789F552A2CAD664600320A03 /* Build configuration list for PBXProject "RugStats" */ = {
			isa = XCConfigurationList;
			buildConfigurations = (
				789F55532CAD664700320A03 /* Debug */,
				789F55542CAD664700320A03 /* Release */,
			);
			defaultConfigurationIsVisible = 0;
			defaultConfigurationName = Release;
		};
		789F55552CAD664700320A03 /* Build configuration list for PBXNativeTarget "RugStats" */ = {
			isa = XCConfigurationList;
			buildConfigurations = (
				789F55562CAD664700320A03 /* Debug */,
				789F55572CAD664700320A03 /* Release */,
			);
			defaultConfigurationIsVisible = 0;
			defaultConfigurationName = Release;
		};
		789F55582CAD664700320A03 /* Build configuration list for PBXNativeTarget "RugStatsTests" */ = {
			isa = XCConfigurationList;
			buildConfigurations = (
				789F55592CAD664700320A03 /* Debug */,
				789F555A2CAD664700320A03 /* Release */,
			);
			defaultConfigurationIsVisible = 0;
			defaultConfigurationName = Release;
		};
		789F555B2CAD664700320A03 /* Build configuration list for PBXNativeTarget "RugStatsUITests" */ = {
			isa = XCConfigurationList;
			buildConfigurations = (
				789F555C2CAD664700320A03 /* Debug */,
				789F555D2CAD664700320A03 /* Release */,
			);
			defaultConfigurationIsVisible = 0;
			defaultConfigurationName = Release;
		};
/* End XCConfigurationList section */
	};
	rootObject = 789F55272CAD664600320A03 /* Project object */;
}
